PODS:
  - AFNetworking (4.0.1):
    - AFNetworking/NSURLSession (= 4.0.1)
    - AFNetworking/Reachability (= 4.0.1)
    - AFNetworking/Security (= 4.0.1)
    - AFNetworking/Serialization (= 4.0.1)
    - AFNetworking/UIKit (= 4.0.1)
  - AFNetworking/NSURLSession (4.0.1):
    - AFNetworking/Reachability
    - AFNetworking/Security
    - AFNetworking/Serialization
  - AFNetworking/Reachability (4.0.1)
  - AFNetworking/Security (4.0.1)
  - AFNetworking/Serialization (4.0.1)
  - AFNetworking/UIKit (4.0.1):
    - AFNetworking/NSURLSession
  - CrossroadRegex (1.2.0)
  - DTCoreText (1.6.26):
    - DTCoreText/Core (= 1.6.26)
    - DTFoundation/Core (~> 1.7.5)
    - DTFoundation/DTAnimatedGIF (~> 1.7.5)
    - DTFoundation/DTHTMLParser (~> 1.7.5)
    - DTFoundation/UIKit (~> 1.7.5)
  - DTCoreText/Core (1.6.26):
    - DTFoundation/Core (~> 1.7.5)
    - DTFoundation/DTAnimatedGIF (~> 1.7.5)
    - DTFoundation/DTHTMLParser (~> 1.7.5)
    - DTFoundation/UIKit (~> 1.7.5)
  - DTFoundation/Core (1.7.18)
  - DTFoundation/DTAnimatedGIF (1.7.18)
  - DTFoundation/DTHTMLParser (1.7.18):
    - DTFoundation/Core
  - DTFoundation/UIKit (1.7.18):
    - DTFoundation/Core
  - Eureka (5.3.6)
  - FLAnimatedImage (1.0.16)
  - FontBlaster (5.3.0)
  - GZIP (1.3.0)
  - INSPhotoGallery (1.2.8)
  - ISEmojiView (0.3.2)
  - Keanu (0.1.0):
    - AFNetworking
    - Eureka (~> 5.2)
    - FLAnimatedImage (~> 1.0)
    - INSPhotoGallery (~> 1.2)
    - ISEmojiView (~> 0.3.2)
    - KeanuCore
    - libPhoneNumber-iOS (~> 0.9)
    - MBProgressHUD (~> 1.1)
    - MobileVLCKit (~> 3.4)
    - PureLayout (~> 3.1)
    - RichEditorView
    - SearchTextField (~> 1.2)
    - ViewRow (~> 0.6)
    - ZXingObjC (~> 3.6)
  - KeanuCore (0.1.0):
    - CrossroadRegex (~> 1.1)
    - DTCoreText (~> 1.6)
    - FontBlaster (~> 5.1)
    - libPhoneNumber-iOS (~> 0.9)
    - Localize (~> 2.2)
    - MatrixSDK (~> 0.23.9)
  - KeanuExtension (0.1.0):
    - KeanuCore
    - MBProgressHUD (~> 1.1)
  - KeanuNSE (0.1.0):
    - KeanuCore
  - libbase58 (0.1.4)
  - libPhoneNumber-iOS (0.9.15)
  - Localize (2.3.0)
  - MatrixSDK (0.23.10):
    - MatrixSDK/Core (= 0.23.10)
  - MatrixSDK/Core (0.23.10):
    - AFNetworking (~> 4.0.0)
    - GZIP (~> 1.3.0)
    - libbase58 (~> 0.1.4)
    - MatrixSDK/CryptoSDK
    - OLMKit (~> 3.2.5)
    - Realm (= 10.27.0)
    - SwiftyBeaver (= 1.9.5)
  - MatrixSDK/CryptoSDK (0.23.10):
    - MatrixSDKCrypto (= 0.1.0)
  - MatrixSDKCrypto (0.1.0)
  - MBProgressHUD (1.2.0)
  - MobileVLCKit (3.4.0)
  - OLMKit (3.2.5):
    - OLMKit/olmc (= 3.2.5)
    - OLMKit/olmcpp (= 3.2.5)
  - OLMKit/olmc (3.2.5)
  - OLMKit/olmcpp (3.2.5)
  - PureLayout (3.1.9)
  - Realm (10.27.0):
    - Realm/Headers (= 10.27.0)
  - Realm/Headers (10.27.0)
  - RichEditorView (0.0.3)
  - SearchTextField (1.2.4)
  - SwiftyBeaver (1.9.5)
  - ViewRow (0.8):
    - Eureka (>= 5.0.0)
  - ZXingObjC (3.6.5):
    - ZXingObjC/All (= 3.6.5)
  - ZXingObjC/All (3.6.5)

DEPENDENCIES:
  - CrossroadRegex (from `https://github.com/crossroadlabs/Regex.git`, tag `1.2.0`)
  - Keanu (from `https://gitlab.com/keanuapp/keanuapp-ios.git`, commit `b8a52fe6`)
  - KeanuCore (from `https://gitlab.com/keanuapp/keanuapp-ios.git`, commit `b8a52fe6`)
  - KeanuExtension (from `https://gitlab.com/keanuapp/keanuapp-ios.git`, commit `b8a52fe6`)
  - KeanuNSE (from `https://gitlab.com/keanuapp/keanuapp-ios.git`, commit `b8a52fe6`)
  - RichEditorView (from `https://gitlab.com/keanuapp/keanuapp-ios-richeditorview.git`, branch `build_fixes`)

SPEC REPOS:
  https://github.com/CocoaPods/Specs.git:
    - AFNetworking
    - DTCoreText
    - DTFoundation
    - Eureka
    - FLAnimatedImage
    - FontBlaster
    - GZIP
    - INSPhotoGallery
    - ISEmojiView
    - libbase58
    - libPhoneNumber-iOS
    - Localize
    - MatrixSDK
    - MatrixSDKCrypto
    - MBProgressHUD
    - MobileVLCKit
    - OLMKit
    - PureLayout
    - Realm
    - SearchTextField
    - SwiftyBeaver
    - ViewRow
    - ZXingObjC

EXTERNAL SOURCES:
  CrossroadRegex:
    :git: https://github.com/crossroadlabs/Regex.git
    :tag: 1.2.0
  Keanu:
    :commit: b8a52fe6
    :git: https://gitlab.com/keanuapp/keanuapp-ios.git
  KeanuCore:
    :commit: b8a52fe6
    :git: https://gitlab.com/keanuapp/keanuapp-ios.git
  KeanuExtension:
    :commit: b8a52fe6
    :git: https://gitlab.com/keanuapp/keanuapp-ios.git
  KeanuNSE:
    :commit: b8a52fe6
    :git: https://gitlab.com/keanuapp/keanuapp-ios.git
  RichEditorView:
    :branch: build_fixes
    :git: https://gitlab.com/keanuapp/keanuapp-ios-richeditorview.git

CHECKOUT OPTIONS:
  CrossroadRegex:
    :git: https://github.com/crossroadlabs/Regex.git
    :tag: 1.2.0
  Keanu:
    :commit: b8a52fe6
    :git: https://gitlab.com/keanuapp/keanuapp-ios.git
  KeanuCore:
    :commit: b8a52fe6
    :git: https://gitlab.com/keanuapp/keanuapp-ios.git
  KeanuExtension:
    :commit: b8a52fe6
    :git: https://gitlab.com/keanuapp/keanuapp-ios.git
  KeanuNSE:
    :commit: b8a52fe6
    :git: https://gitlab.com/keanuapp/keanuapp-ios.git
  RichEditorView:
    :commit: 225537e7959319b7a2ec681e1d728d2077e156fd
    :git: https://gitlab.com/keanuapp/keanuapp-ios-richeditorview.git

SPEC CHECKSUMS:
  AFNetworking: 7864c38297c79aaca1500c33288e429c3451fdce
  CrossroadRegex: 9af32b4b4dc6ff404c87647ef1bc68ea711cc570
  DTCoreText: ec749e013f2e1f76de5e7c7634642e600a7467ce
  DTFoundation: a53f8cda2489208cbc71c648be177f902ee17536
  Eureka: 28ad9dec6286cd7cd601fdf8e8df39bb7356a8f4
  FLAnimatedImage: 8f3e854ebf9680b71f0b6e700939687fc4d82b4b
  FontBlaster: 941f89d735a29e1c7d24e7a90d3e16939ef1609a
  GZIP: 416858efbe66b41b206895ac6dfd5493200d95b3
  INSPhotoGallery: ad317cb9a59c7a5f08550e4155b49622c24dcab3
  ISEmojiView: 58675ffd39b268c49cefd4924643552b94ef1d6c
  Keanu: 68810c842cdad4228742b17e1709ebe1407bc74f
  KeanuCore: 5fe74262640d78511363c699533e2b66eab01d07
  KeanuExtension: 5c598bc03cf7d82ac4b833f5af66556f24226a8c
  KeanuNSE: 72deeb36f3e82e10321f5c83675425d94a8e18c0
  libbase58: 7c040313537b8c44b6e2d15586af8e21f7354efd
  libPhoneNumber-iOS: 0a32a9525cf8744fe02c5206eb30d571e38f7d75
  Localize: cb1ae53ed73decaad0dce217806ed983091913f5
  MatrixSDK: 58238bb5af7e6d9f6acce0373b86ca31413a09b5
  MatrixSDKCrypto: 4b9146d5ef484550341be056a164c6930038028e
  MBProgressHUD: 3ee5efcc380f6a79a7cc9b363dd669c5e1ae7406
  MobileVLCKit: 20ccee43f7788a94ea1f67179e33d9600779dfd9
  OLMKit: 9fb4799c4a044dd2c06bda31ec31a12191ad30b5
  PureLayout: 5fb5e5429519627d60d079ccb1eaa7265ce7cf88
  Realm: 9ca328bd7e700cc19703799785e37f77d1a130f2
  RichEditorView: bd9637b517d9b0ff63f4d800507c7b4f378afa11
  SearchTextField: 40dc3cc57def5a211f263cac263622c163bbc25a
  SwiftyBeaver: 84069991dd5dca07d7069100985badaca7f0ce82
  ViewRow: 8da541e9c019f3be63f4e28f311a62cac2045ecf
  ZXingObjC: fdbb269f25dd2032da343e06f10224d62f537bdb

PODFILE CHECKSUM: 078ab571ac028043d6bae64e68170b927868d641

COCOAPODS: 1.11.2
