PODS:
  - AFNetworking (3.2.1):
    - AFNetworking/NSURLSession (= 3.2.1)
    - AFNetworking/Reachability (= 3.2.1)
    - AFNetworking/Security (= 3.2.1)
    - AFNetworking/Serialization (= 3.2.1)
    - AFNetworking/UIKit (= 3.2.1)
  - AFNetworking/NSURLSession (3.2.1):
    - AFNetworking/Reachability
    - AFNetworking/Security
    - AFNetworking/Serialization
  - AFNetworking/Reachability (3.2.1)
  - AFNetworking/Security (3.2.1)
  - AFNetworking/Serialization (3.2.1)
  - AFNetworking/UIKit (3.2.1):
    - AFNetworking/NSURLSession
  - BarcodeScanner (4.1.4)
  - cmark (0.24.1)
  - CrossroadRegex (1.1.0)
  - DTCoreText (1.6.23):
    - DTCoreText/Core (= 1.6.23)
    - DTFoundation/Core (~> 1.7.5)
    - DTFoundation/DTAnimatedGIF (~> 1.7.5)
    - DTFoundation/DTHTMLParser (~> 1.7.5)
    - DTFoundation/UIKit (~> 1.7.5)
  - DTCoreText/Core (1.6.23):
    - DTFoundation/Core (~> 1.7.5)
    - DTFoundation/DTAnimatedGIF (~> 1.7.5)
    - DTFoundation/DTHTMLParser (~> 1.7.5)
    - DTFoundation/UIKit (~> 1.7.5)
  - DTFoundation/Core (1.7.14)
  - DTFoundation/DTAnimatedGIF (1.7.14)
  - DTFoundation/DTHTMLParser (1.7.14):
    - DTFoundation/Core
  - DTFoundation/UIKit (1.7.14):
    - DTFoundation/Core
  - Eureka (5.2.1)
  - FLAnimatedImage (1.0.12)
  - FontBlaster (4.1.0)
  - GZIP (1.2.3)
  - INSPhotoGallery (1.2.8)
  - Keanu (0.1.0):
    - AFNetworking
    - BarcodeScanner (~> 4.1)
    - Eureka (~> 5.2)
    - FLAnimatedImage (~> 1.0)
    - INSPhotoGallery (~> 1.2)
    - KeanuCore
    - MaterialComponents/Snackbar (~> 80)
    - PhoneNumberKit (~> 2.6)
    - PureLayout (~> 3.1)
    - QRCode (~> 2.0)
    - RichEditorView
    - SearchTextField (~> 1.2)
    - ViewRow (~> 0.6)
  - KeanuCore (0.1.0):
    - cmark (~> 0.24.1)
    - CrossroadRegex (~> 1.1)
    - DTCoreText (~> 1.6.23)
    - FontBlaster (~> 4.1)
    - libPhoneNumber-iOS (~> 0.9.15)
    - Localize (~> 2.2)
    - MatrixSDK/SwiftSupport (~> 0.15)
  - KeanuExtension (0.1.0):
    - KeanuCore
    - MBProgressHUD (~> 1.1)
  - libbase58 (0.1.4)
  - libPhoneNumber-iOS (0.9.15)
  - Localize (2.3.0)
  - MaterialComponents/AnimationTiming (80.0.0)
  - MaterialComponents/Buttons (80.0.0):
    - MaterialComponents/Ink
    - MaterialComponents/private/Math
    - MaterialComponents/ShadowElevations
    - MaterialComponents/ShadowLayer
    - MaterialComponents/Shapes
    - MaterialComponents/Typography
    - MDFInternationalization
    - MDFTextAccessibility
  - MaterialComponents/Ink (80.0.0):
    - MaterialComponents/private/Math
  - MaterialComponents/OverlayWindow (80.0.0):
    - MaterialComponents/private/Application
  - MaterialComponents/private/Application (80.0.0)
  - MaterialComponents/private/KeyboardWatcher (80.0.0):
    - MaterialComponents/private/Application
  - MaterialComponents/private/Math (80.0.0)
  - MaterialComponents/private/Overlay (80.0.0)
  - MaterialComponents/ShadowElevations (80.0.0)
  - MaterialComponents/ShadowLayer (80.0.0):
    - MaterialComponents/ShadowElevations
  - MaterialComponents/Shapes (80.0.0):
    - MaterialComponents/private/Math
    - MaterialComponents/ShadowLayer
  - MaterialComponents/Snackbar (80.0.0):
    - MaterialComponents/AnimationTiming
    - MaterialComponents/Buttons
    - MaterialComponents/OverlayWindow
    - MaterialComponents/private/Application
    - MaterialComponents/private/KeyboardWatcher
    - MaterialComponents/private/Overlay
    - MaterialComponents/Typography
  - MaterialComponents/Typography (80.0.0):
    - MaterialComponents/private/Application
    - MaterialComponents/private/Math
  - MatrixSDK/Core (0.15.2):
    - AFNetworking (~> 3.2.0)
    - GZIP (~> 1.2.2)
    - libbase58 (~> 0.1.4)
    - OLMKit (~> 3.1.0)
    - Realm (~> 3.17.3)
  - MatrixSDK/SwiftSupport (0.15.2):
    - MatrixSDK/Core
  - MBProgressHUD (1.2.0)
  - MDFInternationalization (2.0.0)
  - MDFTextAccessibility (2.0.0)
  - OLMKit (3.1.0):
    - OLMKit/olmc (= 3.1.0)
    - OLMKit/olmcpp (= 3.1.0)
  - OLMKit/olmc (3.1.0)
  - OLMKit/olmcpp (3.1.0)
  - PhoneNumberKit (2.6.0):
    - PhoneNumberKit/PhoneNumberKitCore (= 2.6.0)
    - PhoneNumberKit/UIKit (= 2.6.0)
  - PhoneNumberKit/PhoneNumberKitCore (2.6.0)
  - PhoneNumberKit/UIKit (2.6.0):
    - PhoneNumberKit/PhoneNumberKitCore
  - PureLayout (3.1.5)
  - QRCode (2.0)
  - Realm (3.17.3):
    - Realm/Headers (= 3.17.3)
  - Realm/Headers (3.17.3)
  - RichEditorView (0.0.3)
  - SearchTextField (1.2.4)
  - ViewRow (0.8):
    - Eureka (>= 5.0.0)

DEPENDENCIES:
  - BarcodeScanner (from `https://github.com/htothee/BarcodeScanner.git`)
  - Keanu (from `https://gitlab.com/keanuapp/keanuapp-ios.git`, commit `6fcf31b9`)
  - KeanuCore (from `https://gitlab.com/keanuapp/keanuapp-ios.git`, commit `6fcf31b9`)
  - KeanuExtension (from `https://gitlab.com/keanuapp/keanuapp-ios.git`, commit `6fcf31b9`)
  - QRCode (from `https://github.com/brackendev/QRCode.git`)
  - RichEditorView (from `https://gitlab.com/keanuapp/keanuapp-ios-richeditorview.git`, branch `build_fixes`)

SPEC REPOS:
  trunk:
    - AFNetworking
    - cmark
    - CrossroadRegex
    - DTCoreText
    - DTFoundation
    - Eureka
    - FLAnimatedImage
    - FontBlaster
    - GZIP
    - INSPhotoGallery
    - libbase58
    - libPhoneNumber-iOS
    - Localize
    - MaterialComponents
    - MatrixSDK
    - MBProgressHUD
    - MDFInternationalization
    - MDFTextAccessibility
    - OLMKit
    - PhoneNumberKit
    - PureLayout
    - Realm
    - SearchTextField
    - ViewRow

EXTERNAL SOURCES:
  BarcodeScanner:
    :git: https://github.com/htothee/BarcodeScanner.git
  Keanu:
    :commit: 6fcf31b9
    :git: https://gitlab.com/keanuapp/keanuapp-ios.git
  KeanuCore:
    :commit: 6fcf31b9
    :git: https://gitlab.com/keanuapp/keanuapp-ios.git
  KeanuExtension:
    :commit: 6fcf31b9
    :git: https://gitlab.com/keanuapp/keanuapp-ios.git
  QRCode:
    :git: https://github.com/brackendev/QRCode.git
  RichEditorView:
    :branch: build_fixes
    :git: https://gitlab.com/keanuapp/keanuapp-ios-richeditorview.git

CHECKOUT OPTIONS:
  BarcodeScanner:
    :commit: fe7835d344be6190d66fa7994fa593fd4f66dd31
    :git: https://github.com/htothee/BarcodeScanner.git
  Keanu:
    :commit: 6fcf31b9
    :git: https://gitlab.com/keanuapp/keanuapp-ios.git
  KeanuCore:
    :commit: 6fcf31b9
    :git: https://gitlab.com/keanuapp/keanuapp-ios.git
  KeanuExtension:
    :commit: 6fcf31b9
    :git: https://gitlab.com/keanuapp/keanuapp-ios.git
  QRCode:
    :commit: e267650e0a6db653d57b149530fcfa3fa660f632
    :git: https://github.com/brackendev/QRCode.git
  RichEditorView:
    :commit: 225537e7959319b7a2ec681e1d728d2077e156fd
    :git: https://gitlab.com/keanuapp/keanuapp-ios-richeditorview.git

SPEC CHECKSUMS:
  AFNetworking: b6f891fdfaed196b46c7a83cf209e09697b94057
  BarcodeScanner: a29f55c0bb367a73aa9d744c1af6ed7ca7531984
  cmark: 1d9ad0375e3b9fa281732e992467903606015520
  CrossroadRegex: 5eaadb3f7b4014728f1cbd1014756b126c1dbd9a
  DTCoreText: 67023bb51b26711d5f640c851f4845aea14c24c9
  DTFoundation: 25aa19bb7c6e225b1dfae195604fb8cf1da0ab4c
  Eureka: c883105488e05bc65539f583246ecf9657cabbfe
  FLAnimatedImage: 4a0b56255d9b05f18b6dd7ee06871be5d3b89e31
  FontBlaster: 127aa66419478d1c62926c7fdb39841633344a45
  GZIP: af5c90ef903776a7e9afe6ebebd794a84a2929d4
  INSPhotoGallery: ad317cb9a59c7a5f08550e4155b49622c24dcab3
  Keanu: 7eeb3075f31d9a865727feb166ffaa32ff7cb502
  KeanuCore: 353f42456863eb6448adafd4a0e72d4ea73250a5
  KeanuExtension: da8935abf492a2f4b1106f2e58cff5d2b4450d95
  libbase58: 7c040313537b8c44b6e2d15586af8e21f7354efd
  libPhoneNumber-iOS: 0a32a9525cf8744fe02c5206eb30d571e38f7d75
  Localize: cb1ae53ed73decaad0dce217806ed983091913f5
  MaterialComponents: fcd7ab0d6087bce852e2c60c2c712809f76c7f9e
  MatrixSDK: f83bd3c5519c1cb9ac3998f6423574cf528f0250
  MBProgressHUD: 3ee5efcc380f6a79a7cc9b363dd669c5e1ae7406
  MDFInternationalization: 010097556d6b09d2c4ea38e0820ea6d37be6a314
  MDFTextAccessibility: 85c09a1bd9c321f494348e632a25063bcda35a53
  OLMKit: 4ee0159d63feeb86d836fdcfefe418e163511639
  PhoneNumberKit: 167ee1f0bbb6efce7c62559e620eae745595532f
  PureLayout: 9b4ad47b2f0388c84ff534af23d96e720c1b875a
  QRCode: 282441d0cfe8c4c1766b7578361fe93f72757685
  Realm: 5a1d9d47bfc101dd597668b1a8af4288a2557f6d
  RichEditorView: bd9637b517d9b0ff63f4d800507c7b4f378afa11
  SearchTextField: 40dc3cc57def5a211f263cac263622c163bbc25a
  ViewRow: 8da541e9c019f3be63f4e28f311a62cac2045ecf

PODFILE CHECKSUM: 870551a5631e67e4916d30a2e5daeb9fb5978b50

COCOAPODS: 1.9.1
