PODS:
  - AFNetworking (4.0.1):
    - AFNetworking/NSURLSession (= 4.0.1)
    - AFNetworking/Reachability (= 4.0.1)
    - AFNetworking/Security (= 4.0.1)
    - AFNetworking/Serialization (= 4.0.1)
    - AFNetworking/UIKit (= 4.0.1)
  - AFNetworking/NSURLSession (4.0.1):
    - AFNetworking/Reachability
    - AFNetworking/Security
    - AFNetworking/Serialization
  - AFNetworking/Reachability (4.0.1)
  - AFNetworking/Security (4.0.1)
  - AFNetworking/Serialization (4.0.1)
  - AFNetworking/UIKit (4.0.1):
    - AFNetworking/NSURLSession
  - AirShare (0.1.0):
    - AirShare/AirShare (= 0.1.0)
    - CocoaLumberjack (~> 3.6)
    - libsodium
    - PureLayout (~> 3.1)
  - AirShare/AirShare (0.1.0):
    - CocoaLumberjack (~> 3.6)
    - libsodium
    - PureLayout (~> 3.1)
  - CocoaLumberjack (3.6.2):
    - CocoaLumberjack/Core (= 3.6.2)
  - CocoaLumberjack/Core (3.6.2)
  - CrossroadRegex (1.2.0)
  - DTCoreText (1.6.25):
    - DTCoreText/Core (= 1.6.25)
    - DTFoundation/Core (~> 1.7.5)
    - DTFoundation/DTAnimatedGIF (~> 1.7.5)
    - DTFoundation/DTHTMLParser (~> 1.7.5)
    - DTFoundation/UIKit (~> 1.7.5)
  - DTCoreText/Core (1.6.25):
    - DTFoundation/Core (~> 1.7.5)
    - DTFoundation/DTAnimatedGIF (~> 1.7.5)
    - DTFoundation/DTHTMLParser (~> 1.7.5)
    - DTFoundation/UIKit (~> 1.7.5)
  - DTFoundation/Core (1.7.15)
  - DTFoundation/DTAnimatedGIF (1.7.15)
  - DTFoundation/DTHTMLParser (1.7.15):
    - DTFoundation/Core
  - DTFoundation/UIKit (1.7.15):
    - DTFoundation/Core
  - Eureka (5.2.1)
  - FLAnimatedImage (1.0.12)
  - FontBlaster (5.1.1)
  - GZIP (1.2.3)
  - INSPhotoGallery (1.2.8)
  - ISEmojiView (0.2.6)
  - Keanu (0.1.0):
    - AFNetworking
    - AirShare
    - Eureka (~> 5.2)
    - FLAnimatedImage (~> 1.0)
    - INSPhotoGallery (~> 1.2)
    - ISEmojiView
    - KeanuCore
    - libPhoneNumber-iOS (~> 0.9)
    - MaterialComponents/Snackbar (~> 80)
    - PureLayout (~> 3.1)
    - RichEditorView
    - SearchTextField (~> 1.2)
    - ViewRow (~> 0.6)
    - ZXingObjC (~> 3.6)
  - KeanuCore (0.1.0):
    - CrossroadRegex (~> 1.1)
    - DTCoreText (~> 1.6)
    - FontBlaster (~> 5.1)
    - libPhoneNumber-iOS (~> 0.9)
    - Localize (~> 2.2)
    - MatrixSDK/SwiftSupport (~> 0.16.5)
  - KeanuExtension (0.1.0):
    - KeanuCore
    - MBProgressHUD (~> 1.1)
  - libbase58 (0.1.4)
  - libPhoneNumber-iOS (0.9.15)
  - libsodium (1.0.12)
  - Localize (2.3.0)
  - MaterialComponents/AnimationTiming (80.0.0)
  - MaterialComponents/Buttons (80.0.0):
    - MaterialComponents/Ink
    - MaterialComponents/private/Math
    - MaterialComponents/ShadowElevations
    - MaterialComponents/ShadowLayer
    - MaterialComponents/Shapes
    - MaterialComponents/Typography
    - MDFInternationalization
    - MDFTextAccessibility
  - MaterialComponents/Ink (80.0.0):
    - MaterialComponents/private/Math
  - MaterialComponents/OverlayWindow (80.0.0):
    - MaterialComponents/private/Application
  - MaterialComponents/private/Application (80.0.0)
  - MaterialComponents/private/KeyboardWatcher (80.0.0):
    - MaterialComponents/private/Application
  - MaterialComponents/private/Math (80.0.0)
  - MaterialComponents/private/Overlay (80.0.0)
  - MaterialComponents/ShadowElevations (80.0.0)
  - MaterialComponents/ShadowLayer (80.0.0):
    - MaterialComponents/ShadowElevations
  - MaterialComponents/Shapes (80.0.0):
    - MaterialComponents/private/Math
    - MaterialComponents/ShadowLayer
  - MaterialComponents/Snackbar (80.0.0):
    - MaterialComponents/AnimationTiming
    - MaterialComponents/Buttons
    - MaterialComponents/OverlayWindow
    - MaterialComponents/private/Application
    - MaterialComponents/private/KeyboardWatcher
    - MaterialComponents/private/Overlay
    - MaterialComponents/Typography
  - MaterialComponents/Typography (80.0.0):
    - MaterialComponents/private/Application
    - MaterialComponents/private/Math
  - MatrixSDK/Core (0.16.14):
    - AFNetworking (~> 4.0.0)
    - GZIP (~> 1.2.2)
    - libbase58 (~> 0.1.4)
    - OLMKit (~> 3.1.0)
    - Realm (~> 4.4.0)
  - MatrixSDK/SwiftSupport (0.16.14):
    - MatrixSDK/Core
  - MBProgressHUD (1.2.0)
  - MDFInternationalization (2.0.0)
  - MDFTextAccessibility (2.0.0)
  - OLMKit (3.1.0):
    - OLMKit/olmc (= 3.1.0)
    - OLMKit/olmcpp (= 3.1.0)
  - OLMKit/olmc (3.1.0)
  - OLMKit/olmcpp (3.1.0)
  - PureLayout (3.1.6)
  - Realm (4.4.1):
    - Realm/Headers (= 4.4.1)
  - Realm/Headers (4.4.1)
  - RichEditorView (0.0.3)
  - SearchTextField (1.2.4)
  - ViewRow (0.8):
    - Eureka (>= 5.0.0)
  - ZXingObjC (3.6.5):
    - ZXingObjC/All (= 3.6.5)
  - ZXingObjC/All (3.6.5)

DEPENDENCIES:
  - AirShare (from `https://github.com/tladesignz/AirShare.git`)
  - CrossroadRegex (from `https://github.com/crossroadlabs/Regex.git`, tag `1.2.0`)
  - Keanu (from `https://gitlab.com/keanuapp/keanuapp-ios.git`, commit `57acd421`)
  - KeanuCore (from `https://gitlab.com/keanuapp/keanuapp-ios.git`, commit `57acd421`)
  - KeanuExtension (from `https://gitlab.com/keanuapp/keanuapp-ios.git`, commit `57acd421`)
  - RichEditorView (from `https://gitlab.com/keanuapp/keanuapp-ios-richeditorview.git`, branch `build_fixes`)

SPEC REPOS:
  trunk:
    - AFNetworking
    - CocoaLumberjack
    - DTCoreText
    - DTFoundation
    - Eureka
    - FLAnimatedImage
    - FontBlaster
    - GZIP
    - INSPhotoGallery
    - ISEmojiView
    - libbase58
    - libPhoneNumber-iOS
    - libsodium
    - Localize
    - MaterialComponents
    - MatrixSDK
    - MBProgressHUD
    - MDFInternationalization
    - MDFTextAccessibility
    - OLMKit
    - PureLayout
    - Realm
    - SearchTextField
    - ViewRow
    - ZXingObjC

EXTERNAL SOURCES:
  AirShare:
    :git: https://github.com/tladesignz/AirShare.git
  CrossroadRegex:
    :git: https://github.com/crossroadlabs/Regex.git
    :tag: 1.2.0
  Keanu:
    :commit: 57acd421
    :git: https://gitlab.com/keanuapp/keanuapp-ios.git
  KeanuCore:
    :commit: 57acd421
    :git: https://gitlab.com/keanuapp/keanuapp-ios.git
  KeanuExtension:
    :commit: 57acd421
    :git: https://gitlab.com/keanuapp/keanuapp-ios.git
  RichEditorView:
    :branch: build_fixes
    :git: https://gitlab.com/keanuapp/keanuapp-ios-richeditorview.git

CHECKOUT OPTIONS:
  AirShare:
    :commit: fd37e6111492f0d368a3dfbe332ac4d765c1968c
    :git: https://github.com/tladesignz/AirShare.git
  CrossroadRegex:
    :git: https://github.com/crossroadlabs/Regex.git
    :tag: 1.2.0
  Keanu:
    :commit: 57acd421
    :git: https://gitlab.com/keanuapp/keanuapp-ios.git
  KeanuCore:
    :commit: 57acd421
    :git: https://gitlab.com/keanuapp/keanuapp-ios.git
  KeanuExtension:
    :commit: 57acd421
    :git: https://gitlab.com/keanuapp/keanuapp-ios.git
  RichEditorView:
    :commit: 225537e7959319b7a2ec681e1d728d2077e156fd
    :git: https://gitlab.com/keanuapp/keanuapp-ios-richeditorview.git

SPEC CHECKSUMS:
  AFNetworking: 7864c38297c79aaca1500c33288e429c3451fdce
  AirShare: 791397bee68eb4e549adca76b7789dc76301043b
  CocoaLumberjack: bd155f2dd06c0e0b03f876f7a3ee55693122ec94
  CrossroadRegex: 9af32b4b4dc6ff404c87647ef1bc68ea711cc570
  DTCoreText: e92f4cf6b36d9d71ce4436d12cf089d74ab0596b
  DTFoundation: 767ca882209ef4d5132ec7e702526d5ed5bb71a2
  Eureka: c883105488e05bc65539f583246ecf9657cabbfe
  FLAnimatedImage: 4a0b56255d9b05f18b6dd7ee06871be5d3b89e31
  FontBlaster: 8897ebdbb4b6ace3ab78c92b665d88c954f19e4a
  GZIP: af5c90ef903776a7e9afe6ebebd794a84a2929d4
  INSPhotoGallery: ad317cb9a59c7a5f08550e4155b49622c24dcab3
  ISEmojiView: f7cd94a6c93307f429ec5da001293d0b02247f03
  Keanu: 47f64d59e1669b4d6d4dbfac051d036e5c7b8977
  KeanuCore: 7bf474db84bc310600f7e7636d4e70f5b25244a8
  KeanuExtension: da8935abf492a2f4b1106f2e58cff5d2b4450d95
  libbase58: 7c040313537b8c44b6e2d15586af8e21f7354efd
  libPhoneNumber-iOS: 0a32a9525cf8744fe02c5206eb30d571e38f7d75
  libsodium: 9a8faa5ef2fa0d2d57bd7f7d79bf8fb7c1a9f0ea
  Localize: cb1ae53ed73decaad0dce217806ed983091913f5
  MaterialComponents: fcd7ab0d6087bce852e2c60c2c712809f76c7f9e
  MatrixSDK: b1bdfb8ff9a5a5fd421dda2da60a6cedfed73545
  MBProgressHUD: 3ee5efcc380f6a79a7cc9b363dd669c5e1ae7406
  MDFInternationalization: 010097556d6b09d2c4ea38e0820ea6d37be6a314
  MDFTextAccessibility: 85c09a1bd9c321f494348e632a25063bcda35a53
  OLMKit: 4ee0159d63feeb86d836fdcfefe418e163511639
  PureLayout: bd3c4ec3a3819ad387c99ebb72c6b129c3ed4d2d
  Realm: 4eb04d7487bd43c0581256f40b424eafb711deff
  RichEditorView: bd9637b517d9b0ff63f4d800507c7b4f378afa11
  SearchTextField: 40dc3cc57def5a211f263cac263622c163bbc25a
  ViewRow: 8da541e9c019f3be63f4e28f311a62cac2045ecf
  ZXingObjC: fdbb269f25dd2032da343e06f10224d62f537bdb

PODFILE CHECKSUM: b1029e51b1f0db84b166a1a989e361c62370d71c

COCOAPODS: 1.9.3
